// !$*UTF8*$!
{
	archiveVersion = 1;
	classes = {
	};
	objectVersion = 45;
	objects = {

/* Begin PBXBuildFile section */
		8929E2AB18C25006005CA985 /* cluster.cpp in Sources */ = {isa = PBXBuildFile; fileRef = 8929E2A018C25006005CA985 /* cluster.cpp */; };
		8929E2AC18C25006005CA985 /* comutils.cpp in Sources */ = {isa = PBXBuildFile; fileRef = 8929E2A118C25006005CA985 /* comutils.cpp */; };
		8929E2AD18C25006005CA985 /* distributions.cpp in Sources */ = {isa = PBXBuildFile; fileRef = 8929E2A318C25006005CA985 /* distributions.cpp */; };
		8929E2AE18C25006005CA985 /* probutils.cpp in Sources */ = {isa = PBXBuildFile; fileRef = 8929E2A418C25006005CA985 /* probutils.cpp */; };
		8929E2AF18C25006005CA985 /* main.cpp in Sources */ = {isa = PBXBuildFile; fileRef = 8929E2A818C25006005CA985 /* main.cpp */; };
		8929E2B018C25006005CA985 /* util.cpp in Sources */ = {isa = PBXBuildFile; fileRef = 8929E2A918C25006005CA985 /* util.cpp */; };
/* End PBXBuildFile section */

/* Begin PBXCopyFilesBuildPhase section */
		8DD76F690486A84900D96B5E /* CopyFiles */ = {
			isa = PBXCopyFilesBuildPhase;
			buildActionMask = 8;
			dstPath = /usr/share/man/man1/;
			dstSubfolderSpec = 0;
			files = (
			);
			runOnlyForDeploymentPostprocessing = 1;
		};
/* End PBXCopyFilesBuildPhase section */

/* Begin PBXFileReference section */
		8929E29918C25006005CA985 /* distributions.h */ = {isa = PBXFileReference; fileEncoding = 4; lastKnownFileType = sourcecode.c.h; path = distributions.h; sourceTree = "<group>"; };
		8929E29A18C25006005CA985 /* libcluster.h */ = {isa = PBXFileReference; fileEncoding = 4; lastKnownFileType = sourcecode.c.h; path = libcluster.h; sourceTree = "<group>"; };
		8929E29B18C25006005CA985 /* probutils.h */ = {isa = PBXFileReference; fileEncoding = 4; lastKnownFileType = sourcecode.c.h; path = probutils.h; sourceTree = "<group>"; };
		8929E2A018C25006005CA985 /* cluster.cpp */ = {isa = PBXFileReference; fileEncoding = 4; lastKnownFileType = sourcecode.cpp.cpp; path = cluster.cpp; sourceTree = "<group>"; };
		8929E2A118C25006005CA985 /* comutils.cpp */ = {isa = PBXFileReference; fileEncoding = 4; lastKnownFileType = sourcecode.cpp.cpp; path = comutils.cpp; sourceTree = "<group>"; };
		8929E2A218C25006005CA985 /* comutils.h */ = {isa = PBXFileReference; fileEncoding = 4; lastKnownFileType = sourcecode.c.h; path = comutils.h; sourceTree = "<group>"; };
		8929E2A318C25006005CA985 /* distributions.cpp */ = {isa = PBXFileReference; fileEncoding = 4; lastKnownFileType = sourcecode.cpp.cpp; path = distributions.cpp; sourceTree = "<group>"; };
		8929E2A418C25006005CA985 /* probutils.cpp */ = {isa = PBXFileReference; fileEncoding = 4; lastKnownFileType = sourcecode.cpp.cpp; path = probutils.cpp; sourceTree = "<group>"; };
		8929E2A518C25006005CA985 /* scott25.dat */ = {isa = PBXFileReference; fileEncoding = 4; lastKnownFileType = text; path = scott25.dat; sourceTree = "<group>"; };
		8929E2A618C25006005CA985 /* testdata.h */ = {isa = PBXFileReference; fileEncoding = 4; lastKnownFileType = sourcecode.c.h; path = testdata.h; sourceTree = "<group>"; };
		8929E2A818C25006005CA985 /* main.cpp */ = {isa = PBXFileReference; fileEncoding = 4; lastKnownFileType = sourcecode.cpp.cpp; path = main.cpp; sourceTree = "<group>"; };
		8929E2A918C25006005CA985 /* util.cpp */ = {isa = PBXFileReference; fileEncoding = 4; lastKnownFileType = sourcecode.cpp.cpp; path = util.cpp; sourceTree = "<group>"; };
		8929E2AA18C25006005CA985 /* util.hpp */ = {isa = PBXFileReference; fileEncoding = 4; lastKnownFileType = sourcecode.cpp.h; path = util.hpp; sourceTree = "<group>"; };
		8DD76F6C0486A84900D96B5E /* pkmDPGMM */ = {isa = PBXFileReference; explicitFileType = "compiled.mach-o.executable"; includeInIndex = 0; path = pkmDPGMM; sourceTree = BUILT_PRODUCTS_DIR; };
/* End PBXFileReference section */

/* Begin PBXFrameworksBuildPhase section */
		8DD76F660486A84900D96B5E /* Frameworks */ = {
			isa = PBXFrameworksBuildPhase;
			buildActionMask = 2147483647;
			files = (
			);
			runOnlyForDeploymentPostprocessing = 0;
		};
/* End PBXFrameworksBuildPhase section */

/* Begin PBXGroup section */
		08FB7794FE84155DC02AAC07 /* pkmMatrix */ = {
			isa = PBXGroup;
			children = (
				8929E29718C25006005CA985 /* libcluster */,
				8929E2A718C25006005CA985 /* src */,
				C6859E8C029090F304C91782 /* Documentation */,
				1AB674ADFE9D54B511CA2CBB /* Products */,
			);
			name = pkmMatrix;
			sourceTree = "<group>";
		};
		1AB674ADFE9D54B511CA2CBB /* Products */ = {
			isa = PBXGroup;
			children = (
				8DD76F6C0486A84900D96B5E /* pkmDPGMM */,
			);
			name = Products;
			sourceTree = "<group>";
		};
		8929E29718C25006005CA985 /* libcluster */ = {
			isa = PBXGroup;
			children = (
				8929E29818C25006005CA985 /* include */,
				8929E29F18C25006005CA985 /* src */,
			);
			path = libcluster;
			sourceTree = "<group>";
		};
		8929E29818C25006005CA985 /* include */ = {
			isa = PBXGroup;
			children = (
				8929E29918C25006005CA985 /* distributions.h */,
				8929E29A18C25006005CA985 /* libcluster.h */,
				8929E29B18C25006005CA985 /* probutils.h */,
			);
			path = include;
			sourceTree = "<group>";
		};
		8929E29F18C25006005CA985 /* src */ = {
			isa = PBXGroup;
			children = (
				8929E2A018C25006005CA985 /* cluster.cpp */,
				8929E2A118C25006005CA985 /* comutils.cpp */,
				8929E2A218C25006005CA985 /* comutils.h */,
				8929E2A318C25006005CA985 /* distributions.cpp */,
				8929E2A418C25006005CA985 /* probutils.cpp */,
				8929E2A518C25006005CA985 /* scott25.dat */,
				8929E2A618C25006005CA985 /* testdata.h */,
			);
			path = src;
			sourceTree = "<group>";
		};
		8929E2A718C25006005CA985 /* src */ = {
			isa = PBXGroup;
			children = (
				8929E2A818C25006005CA985 /* main.cpp */,
				8929E2A918C25006005CA985 /* util.cpp */,
				8929E2AA18C25006005CA985 /* util.hpp */,
			);
			path = src;
			sourceTree = "<group>";
		};
		C6859E8C029090F304C91782 /* Documentation */ = {
			isa = PBXGroup;
			children = (
			);
			name = Documentation;
			sourceTree = "<group>";
		};
/* End PBXGroup section */

/* Begin PBXNativeTarget section */
		8DD76F620486A84900D96B5E /* pkmDPGMM */ = {
			isa = PBXNativeTarget;
			buildConfigurationList = 1DEB923108733DC60010E9CD /* Build configuration list for PBXNativeTarget "pkmDPGMM" */;
			buildPhases = (
				8DD76F640486A84900D96B5E /* Sources */,
				8DD76F660486A84900D96B5E /* Frameworks */,
				8DD76F690486A84900D96B5E /* CopyFiles */,
			);
			buildRules = (
			);
			dependencies = (
			);
			name = pkmDPGMM;
			productInstallPath = "$(HOME)/bin";
			productName = pkmMatrix;
			productReference = 8DD76F6C0486A84900D96B5E /* pkmDPGMM */;
			productType = "com.apple.product-type.tool";
		};
/* End PBXNativeTarget section */

/* Begin PBXProject section */
		08FB7793FE84155DC02AAC07 /* Project object */ = {
			isa = PBXProject;
			attributes = {
			};
			buildConfigurationList = 1DEB923508733DC60010E9CD /* Build configuration list for PBXProject "pkmDPGMM" */;
			compatibilityVersion = "Xcode 3.1";
			developmentRegion = English;
			hasScannedForEncodings = 1;
			knownRegions = (
				English,
				Japanese,
				French,
				German,
			);
			mainGroup = 08FB7794FE84155DC02AAC07 /* pkmMatrix */;
			projectDirPath = "";
			projectRoot = "";
			targets = (
				8DD76F620486A84900D96B5E /* pkmDPGMM */,
			);
		};
/* End PBXProject section */

/* Begin PBXSourcesBuildPhase section */
		8DD76F640486A84900D96B5E /* Sources */ = {
			isa = PBXSourcesBuildPhase;
			buildActionMask = 2147483647;
			files = (
				8929E2AB18C25006005CA985 /* cluster.cpp in Sources */,
				8929E2AD18C25006005CA985 /* distributions.cpp in Sources */,
				8929E2AE18C25006005CA985 /* probutils.cpp in Sources */,
				8929E2AC18C25006005CA985 /* comutils.cpp in Sources */,
				8929E2B018C25006005CA985 /* util.cpp in Sources */,
				8929E2AF18C25006005CA985 /* main.cpp in Sources */,
			);
			runOnlyForDeploymentPostprocessing = 0;
		};
/* End PBXSourcesBuildPhase section */

/* Begin XCBuildConfiguration section */
		1DEB923208733DC60010E9CD /* Debug */ = {
			isa = XCBuildConfiguration;
			buildSettings = {
				ALWAYS_SEARCH_USER_PATHS = NO;
				ARCHS = "$(NATIVE_ARCH_ACTUAL)";
				COPY_PHASE_STRIP = NO;
				GCC_DYNAMIC_NO_PIC = NO;
				GCC_ENABLE_FIX_AND_CONTINUE = YES;
				GCC_MODEL_TUNING = G5;
				GCC_OPTIMIZATION_LEVEL = 0;
				GCC_VERSION = "";
				HEADER_SEARCH_PATHS = (
					/usr/local/include/,
					/Volumes/pkm/dev/pkm/pkmDPGMM/libcluster/include,
				);
				INSTALL_PATH = /usr/local/bin;
				ONLY_ACTIVE_ARCH = YES;
				OTHER_LDFLAGS = "-lstdc++";
				PRODUCT_NAME = pkmDPGMM;
				SDKROOT = macosx;
			};
			name = Debug;
		};
		1DEB923308733DC60010E9CD /* Release */ = {
			isa = XCBuildConfiguration;
			buildSettings = {
				ALWAYS_SEARCH_USER_PATHS = NO;
				ARCHS = "$(NATIVE_ARCH_ACTUAL)";
				DEBUG_INFORMATION_FORMAT = "dwarf-with-dsym";
				GCC_MODEL_TUNING = G5;
				GCC_VERSION = "";
				HEADER_SEARCH_PATHS = (
					/usr/local/include/,
					/Volumes/pkm/dev/pkm/pkmDPGMM/libcluster/include,
				);
				INSTALL_PATH = /usr/local/bin;
				ONLY_ACTIVE_ARCH = YES;
				OTHER_LDFLAGS = "-lstdc++";
				PRODUCT_NAME = pkmDPGMM;
				SDKROOT = macosx;
			};
			name = Release;
		};
		1DEB923608733DC60010E9CD /* Debug */ = {
			isa = XCBuildConfiguration;
			buildSettings = {
				ARCHS = "$(ARCHS_STANDARD_32_64_BIT)";
				ENABLE_OPENMP_SUPPORT = YES;
				GCC_C_LANGUAGE_STANDARD = gnu99;
				GCC_OPTIMIZATION_LEVEL = 0;
				GCC_VERSION = com.apple.compilers.llvmgcc42;
				GCC_WARN_ABOUT_RETURN_TYPE = YES;
				GCC_WARN_UNUSED_VARIABLE = YES;
				HEADER_SEARCH_PATHS = /usr/local/include/;
				ONLY_ACTIVE_ARCH = YES;
				PREBINDING = NO;
				SDKROOT = macosx10.7;
			};
			name = Debug;
		};
		1DEB923708733DC60010E9CD /* Release */ = {
			isa = XCBuildConfiguration;
			buildSettings = {
				ARCHS = "$(ARCHS_STANDARD_32_64_BIT)";
				ENABLE_OPENMP_SUPPORT = YES;
				GCC_C_LANGUAGE_STANDARD = gnu99;
				GCC_VERSION = com.apple.compilers.llvmgcc42;
				GCC_WARN_ABOUT_RETURN_TYPE = YES;
				GCC_WARN_UNUSED_VARIABLE = YES;
				HEADER_SEARCH_PATHS = /usr/local/include/;
				PREBINDING = NO;
				SDKROOT = macosx10.7;
			};
			name = Release;
		};
/* End XCBuildConfiguration section */

/* Begin XCConfigurationList section */
		1DEB923108733DC60010E9CD /* Build configuration list for PBXNativeTarget "pkmDPGMM" */ = {
			isa = XCConfigurationList;
			buildConfigurations = (
				1DEB923208733DC60010E9CD /* Debug */,
				1DEB923308733DC60010E9CD /* Release */,
			);
			defaultConfigurationIsVisible = 0;
			defaultConfigurationName = Release;
		};
		1DEB923508733DC60010E9CD /* Build configuration list for PBXProject "pkmDPGMM" */ = {
			isa = XCConfigurationList;
			buildConfigurations = (
				1DEB923608733DC60010E9CD /* Debug */,
				1DEB923708733DC60010E9CD /* Release */,
			);
			defaultConfigurationIsVisible = 0;
			defaultConfigurationName = Release;
		};
/* End XCConfigurationList section */
	};
	rootObject = 08FB7793FE84155DC02AAC07 /* Project object */;
}
